PODS:
  - Alamofire (5.0.0-rc.2)
  - SVProgressHUD (2.2.5)

DEPENDENCIES:
  - Alamofire (~> 5.0.0-rc.2)
  - SVProgressHUD

SPEC REPOS:
  trunk:
    - Alamofire
    - SVProgressHUD

SPEC CHECKSUMS:
  Alamofire: f9450d3c7f6bea2ad62e7a541c3e9b186c7991d6
  SVProgressHUD: 1428aafac632c1f86f62aa4243ec12008d7a51d6

PODFILE CHECKSUM: f9199afac41ef46cffbd67dd7af43f08868ae89d

COCOAPODS: 1.8.3
